// !$*UTF8*$!
{
	archiveVersion = 1;
	classes = {
	};
	objectVersion = 56;
	objects = {

/* Begin PBXBuildFile section */
		7C4B011D2DC087DD00D2BCD2 /* TestabilityMetricsCalculator.swift in Sources */ = {isa = PBXBuildFile; fileRef = 7C4B011C2DC087DD00D2BCD2 /* TestabilityMetricsCalculator.swift */; };
		7C4B011F2DC0885000D2BCD2 /* TestabilityAnalyzer.swift in Sources */ = {isa = PBXBuildFile; fileRef = 7C4B011E2DC0885000D2BCD2 /* TestabilityAnalyzer.swift */; };
		7CF2E4F52DB50C680097E3C6 /* CodeTestInspectorApp.swift in Sources */ = {isa = PBXBuildFile; fileRef = 7CF2E4F42DB50C680097E3C6 /* CodeTestInspectorApp.swift */; };
		7CF2E4F72DB50C680097E3C6 /* ContentView.swift in Sources */ = {isa = PBXBuildFile; fileRef = 7CF2E4F62DB50C680097E3C6 /* ContentView.swift */; };
		7CF2E4F92DB50C6A0097E3C6 /* Assets.xcassets in Resources */ = {isa = PBXBuildFile; fileRef = 7CF2E4F82DB50C6A0097E3C6 /* Assets.xcassets */; };
		7CF2E4FC2DB50C6A0097E3C6 /* Preview Assets.xcassets in Resources */ = {isa = PBXBuildFile; fileRef = 7CF2E4FB2DB50C6A0097E3C6 /* Preview Assets.xcassets */; };
		7CF2E5042DB511EA0097E3C6 /* Analyzer.swift in Sources */ = {isa = PBXBuildFile; fileRef = 7CF2E5032DB511EA0097E3C6 /* Analyzer.swift */; };
		7CF2E52D2DB519140097E3C6 /* ArchitectureAnalyzer.swift in Sources */ = {isa = PBXBuildFile; fileRef = 7CF2E52C2DB519140097E3C6 /* ArchitectureAnalyzer.swift */; };
		7CF2E5322DB5194F0097E3C6 /* DependencyGraph.swift in Sources */ = {isa = PBXBuildFile; fileRef = 7CF2E5312DB5194F0097E3C6 /* DependencyGraph.swift */; };
		7CF2E5342DB519770097E3C6 /* TarjanSCC.swift in Sources */ = {isa = PBXBuildFile; fileRef = 7CF2E5332DB519770097E3C6 /* TarjanSCC.swift */; };
		7CF2E5362DB519A40097E3C6 /* CodeParser.swift in Sources */ = {isa = PBXBuildFile; fileRef = 7CF2E5352DB519A40097E3C6 /* CodeParser.swift */; };
		7CF2E5382DB519DD0097E3C6 /* CodeVisitor.swift in Sources */ = {isa = PBXBuildFile; fileRef = 7CF2E5372DB519DD0097E3C6 /* CodeVisitor.swift */; };
		7CF2E53B2DB51A970097E3C6 /* SwiftBasicFormat in Frameworks */ = {isa = PBXBuildFile; productRef = 7CF2E53A2DB51A970097E3C6 /* SwiftBasicFormat */; };
		7CF2E53D2DB51A970097E3C6 /* SwiftCompilerPlugin in Frameworks */ = {isa = PBXBuildFile; productRef = 7CF2E53C2DB51A970097E3C6 /* SwiftCompilerPlugin */; };
		7CF2E53F2DB51A970097E3C6 /* SwiftDiagnostics in Frameworks */ = {isa = PBXBuildFile; productRef = 7CF2E53E2DB51A970097E3C6 /* SwiftDiagnostics */; };
		7CF2E5412DB51A970097E3C6 /* SwiftIfConfig in Frameworks */ = {isa = PBXBuildFile; productRef = 7CF2E5402DB51A970097E3C6 /* SwiftIfConfig */; };
		7CF2E5432DB51A970097E3C6 /* SwiftLexicalLookup in Frameworks */ = {isa = PBXBuildFile; productRef = 7CF2E5422DB51A970097E3C6 /* SwiftLexicalLookup */; };
		7CF2E5452DB51A970097E3C6 /* SwiftOperators in Frameworks */ = {isa = PBXBuildFile; productRef = 7CF2E5442DB51A970097E3C6 /* SwiftOperators */; };
		7CF2E5472DB51A970097E3C6 /* SwiftParser in Frameworks */ = {isa = PBXBuildFile; productRef = 7CF2E5462DB51A970097E3C6 /* SwiftParser */; };
		7CF2E5492DB51A970097E3C6 /* SwiftParserDiagnostics in Frameworks */ = {isa = PBXBuildFile; productRef = 7CF2E5482DB51A970097E3C6 /* SwiftParserDiagnostics */; };
		7CF2E54B2DB51A970097E3C6 /* SwiftRefactor in Frameworks */ = {isa = PBXBuildFile; productRef = 7CF2E54A2DB51A970097E3C6 /* SwiftRefactor */; };
		7CF2E54D2DB51A970097E3C6 /* SwiftSyntax in Frameworks */ = {isa = PBXBuildFile; productRef = 7CF2E54C2DB51A970097E3C6 /* SwiftSyntax */; };
		7CF2E54F2DB51A970097E3C6 /* SwiftSyntaxBuilder in Frameworks */ = {isa = PBXBuildFile; productRef = 7CF2E54E2DB51A970097E3C6 /* SwiftSyntaxBuilder */; };
		7CF2E5522DB51B710097E3C6 /* Violation.swift in Sources */ = {isa = PBXBuildFile; fileRef = 7CF2E5512DB51B710097E3C6 /* Violation.swift */; };
		7CF2E5552DB51C5D0097E3C6 /* ViolationView.swift in Sources */ = {isa = PBXBuildFile; fileRef = 7CF2E5542DB51C5D0097E3C6 /* ViolationView.swift */; };
		7CF2E5572DB51FFF0097E3C6 /* ClassInfo.swift in Sources */ = {isa = PBXBuildFile; fileRef = 7CF2E5562DB51FFF0097E3C6 /* ClassInfo.swift */; };
		7CF2E55A2DB57B880097E3C6 /* ArchitectureRules.swift in Sources */ = {isa = PBXBuildFile; fileRef = 7CF2E5592DB57B880097E3C6 /* ArchitectureRules.swift */; };
		7CF2E55C2DB57B960097E3C6 /* ComponentRule.swift in Sources */ = {isa = PBXBuildFile; fileRef = 7CF2E55B2DB57B960097E3C6 /* ComponentRule.swift */; };
		7CF2E55E2DB57BD70097E3C6 /* ArchitectureRuleEditorView.swift in Sources */ = {isa = PBXBuildFile; fileRef = 7CF2E55D2DB57BD70097E3C6 /* ArchitectureRuleEditorView.swift */; };
/* End PBXBuildFile section */

/* Begin PBXFileReference section */
		7C4B011C2DC087DD00D2BCD2 /* TestabilityMetricsCalculator.swift */ = {isa = PBXFileReference; lastKnownFileType = sourcecode.swift; path = TestabilityMetricsCalculator.swift; sourceTree = "<group>"; };
		7C4B011E2DC0885000D2BCD2 /* TestabilityAnalyzer.swift */ = {isa = PBXFileReference; lastKnownFileType = sourcecode.swift; path = TestabilityAnalyzer.swift; sourceTree = "<group>"; };
		7CF2E4F12DB50C680097E3C6 /* CodeTestInspector.app */ = {isa = PBXFileReference; explicitFileType = wrapper.application; includeInIndex = 0; path = CodeTestInspector.app; sourceTree = BUILT_PRODUCTS_DIR; };
		7CF2E4F42DB50C680097E3C6 /* CodeTestInspectorApp.swift */ = {isa = PBXFileReference; lastKnownFileType = sourcecode.swift; path = CodeTestInspectorApp.swift; sourceTree = "<group>"; };
		7CF2E4F62DB50C680097E3C6 /* ContentView.swift */ = {isa = PBXFileReference; lastKnownFileType = sourcecode.swift; path = ContentView.swift; sourceTree = "<group>"; };
		7CF2E4F82DB50C6A0097E3C6 /* Assets.xcassets */ = {isa = PBXFileReference; lastKnownFileType = folder.assetcatalog; path = Assets.xcassets; sourceTree = "<group>"; };
		7CF2E4FB2DB50C6A0097E3C6 /* Preview Assets.xcassets */ = {isa = PBXFileReference; lastKnownFileType = folder.assetcatalog; path = "Preview Assets.xcassets"; sourceTree = "<group>"; };
		7CF2E4FD2DB50C6A0097E3C6 /* CodeTestInspector.entitlements */ = {isa = PBXFileReference; lastKnownFileType = text.plist.entitlements; path = CodeTestInspector.entitlements; sourceTree = "<group>"; };
		7CF2E5032DB511EA0097E3C6 /* Analyzer.swift */ = {isa = PBXFileReference; lastKnownFileType = sourcecode.swift; path = Analyzer.swift; sourceTree = "<group>"; };
		7CF2E52C2DB519140097E3C6 /* ArchitectureAnalyzer.swift */ = {isa = PBXFileReference; lastKnownFileType = sourcecode.swift; path = ArchitectureAnalyzer.swift; sourceTree = "<group>"; };
		7CF2E5312DB5194F0097E3C6 /* DependencyGraph.swift */ = {isa = PBXFileReference; lastKnownFileType = sourcecode.swift; path = DependencyGraph.swift; sourceTree = "<group>"; };
		7CF2E5332DB519770097E3C6 /* TarjanSCC.swift */ = {isa = PBXFileReference; lastKnownFileType = sourcecode.swift; path = TarjanSCC.swift; sourceTree = "<group>"; };
		7CF2E5352DB519A40097E3C6 /* CodeParser.swift */ = {isa = PBXFileReference; lastKnownFileType = sourcecode.swift; path = CodeParser.swift; sourceTree = "<group>"; };
		7CF2E5372DB519DD0097E3C6 /* CodeVisitor.swift */ = {isa = PBXFileReference; lastKnownFileType = sourcecode.swift; path = CodeVisitor.swift; sourceTree = "<group>"; };
		7CF2E5512DB51B710097E3C6 /* Violation.swift */ = {isa = PBXFileReference; lastKnownFileType = sourcecode.swift; path = Violation.swift; sourceTree = "<group>"; };
		7CF2E5542DB51C5D0097E3C6 /* ViolationView.swift */ = {isa = PBXFileReference; lastKnownFileType = sourcecode.swift; path = ViolationView.swift; sourceTree = "<group>"; };
		7CF2E5562DB51FFF0097E3C6 /* ClassInfo.swift */ = {isa = PBXFileReference; lastKnownFileType = sourcecode.swift; path = ClassInfo.swift; sourceTree = "<group>"; };
		7CF2E5592DB57B880097E3C6 /* ArchitectureRules.swift */ = {isa = PBXFileReference; lastKnownFileType = sourcecode.swift; path = ArchitectureRules.swift; sourceTree = "<group>"; };
		7CF2E55B2DB57B960097E3C6 /* ComponentRule.swift */ = {isa = PBXFileReference; lastKnownFileType = sourcecode.swift; path = ComponentRule.swift; sourceTree = "<group>"; };
		7CF2E55D2DB57BD70097E3C6 /* ArchitectureRuleEditorView.swift */ = {isa = PBXFileReference; lastKnownFileType = sourcecode.swift; path = ArchitectureRuleEditorView.swift; sourceTree = "<group>"; };
/* End PBXFileReference section */

/* Begin PBXFrameworksBuildPhase section */
		7CF2E4EE2DB50C680097E3C6 /* Frameworks */ = {
			isa = PBXFrameworksBuildPhase;
			buildActionMask = 2147483647;
			files = (
				7CF2E54F2DB51A970097E3C6 /* SwiftSyntaxBuilder in Frameworks */,
				7CF2E5492DB51A970097E3C6 /* SwiftParserDiagnostics in Frameworks */,
				7CF2E5472DB51A970097E3C6 /* SwiftParser in Frameworks */,
				7CF2E5452DB51A970097E3C6 /* SwiftOperators in Frameworks */,
				7CF2E53F2DB51A970097E3C6 /* SwiftDiagnostics in Frameworks */,
				7CF2E53D2DB51A970097E3C6 /* SwiftCompilerPlugin in Frameworks */,
				7CF2E53B2DB51A970097E3C6 /* SwiftBasicFormat in Frameworks */,
				7CF2E5412DB51A970097E3C6 /* SwiftIfConfig in Frameworks */,
				7CF2E54D2DB51A970097E3C6 /* SwiftSyntax in Frameworks */,
				7CF2E54B2DB51A970097E3C6 /* SwiftRefactor in Frameworks */,
				7CF2E5432DB51A970097E3C6 /* SwiftLexicalLookup in Frameworks */,
			);
			runOnlyForDeploymentPostprocessing = 0;
		};
/* End PBXFrameworksBuildPhase section */

/* Begin PBXGroup section */
		7C4B011B2DC087C500D2BCD2 /* MetricsCalculator */ = {
			isa = PBXGroup;
			children = (
				7C4B011C2DC087DD00D2BCD2 /* TestabilityMetricsCalculator.swift */,
				7C4B011E2DC0885000D2BCD2 /* TestabilityAnalyzer.swift */,
			);
			path = MetricsCalculator;
			sourceTree = "<group>";
		};
		7CF2E4E82DB50C680097E3C6 = {
			isa = PBXGroup;
			children = (
				7CF2E4F32DB50C680097E3C6 /* CodeTestInspector */,
				7CF2E4F22DB50C680097E3C6 /* Products */,
			);
			sourceTree = "<group>";
		};
		7CF2E4F22DB50C680097E3C6 /* Products */ = {
			isa = PBXGroup;
			children = (
				7CF2E4F12DB50C680097E3C6 /* CodeTestInspector.app */,
			);
			name = Products;
			sourceTree = "<group>";
		};
		7CF2E4F32DB50C680097E3C6 /* CodeTestInspector */ = {
			isa = PBXGroup;
			children = (
				7C4B011B2DC087C500D2BCD2 /* MetricsCalculator */,
				7CF2E5302DB519370097E3C6 /* CommonComponents */,
				7CF2E52B2DB518D40097E3C6 /* AnalyzerComponents */,
				7CF2E52A2DB5155F0097E3C6 /* Analyzer */,
				7CF2E4F42DB50C680097E3C6 /* CodeTestInspectorApp.swift */,
				7CF2E4F62DB50C680097E3C6 /* ContentView.swift */,
				7CF2E4F82DB50C6A0097E3C6 /* Assets.xcassets */,
				7CF2E4FD2DB50C6A0097E3C6 /* CodeTestInspector.entitlements */,
				7CF2E4FA2DB50C6A0097E3C6 /* Preview Content */,
			);
			path = CodeTestInspector;
			sourceTree = "<group>";
		};
		7CF2E4FA2DB50C6A0097E3C6 /* Preview Content */ = {
			isa = PBXGroup;
			children = (
				7CF2E4FB2DB50C6A0097E3C6 /* Preview Assets.xcassets */,
			);
			path = "Preview Content";
			sourceTree = "<group>";
		};
		7CF2E52A2DB5155F0097E3C6 /* Analyzer */ = {
			isa = PBXGroup;
			children = (
				7CF2E5032DB511EA0097E3C6 /* Analyzer.swift */,
			);
			path = Analyzer;
			sourceTree = "<group>";
		};
		7CF2E52B2DB518D40097E3C6 /* AnalyzerComponents */ = {
			isa = PBXGroup;
			children = (
				7CF2E5582DB57B640097E3C6 /* Models */,
				7CF2E5532DB51C530097E3C6 /* Views */,
				7CF2E52C2DB519140097E3C6 /* ArchitectureAnalyzer.swift */,
			);
			path = AnalyzerComponents;
			sourceTree = "<group>";
		};
		7CF2E5302DB519370097E3C6 /* CommonComponents */ = {
			isa = PBXGroup;
			children = (
				7CF2E5312DB5194F0097E3C6 /* DependencyGraph.swift */,
				7CF2E5332DB519770097E3C6 /* TarjanSCC.swift */,
				7CF2E5352DB519A40097E3C6 /* CodeParser.swift */,
				7CF2E5372DB519DD0097E3C6 /* CodeVisitor.swift */,
			);
			path = CommonComponents;
			sourceTree = "<group>";
		};
		7CF2E5532DB51C530097E3C6 /* Views */ = {
			isa = PBXGroup;
			children = (
				7CF2E5542DB51C5D0097E3C6 /* ViolationView.swift */,
				7CF2E55D2DB57BD70097E3C6 /* ArchitectureRuleEditorView.swift */,
			);
			path = Views;
			sourceTree = "<group>";
		};
		7CF2E5582DB57B640097E3C6 /* Models */ = {
			isa = PBXGroup;
			children = (
				7CF2E5512DB51B710097E3C6 /* Violation.swift */,
				7CF2E5562DB51FFF0097E3C6 /* ClassInfo.swift */,
				7CF2E5592DB57B880097E3C6 /* ArchitectureRules.swift */,
				7CF2E55B2DB57B960097E3C6 /* ComponentRule.swift */,
			);
			path = Models;
			sourceTree = "<group>";
		};
/* End PBXGroup section */

/* Begin PBXNativeTarget section */
		7CF2E4F02DB50C680097E3C6 /* CodeTestInspector */ = {
			isa = PBXNativeTarget;
			buildConfigurationList = 7CF2E5002DB50C6A0097E3C6 /* Build configuration list for PBXNativeTarget "CodeTestInspector" */;
			buildPhases = (
				7CF2E4ED2DB50C680097E3C6 /* Sources */,
				7CF2E4EE2DB50C680097E3C6 /* Frameworks */,
				7CF2E4EF2DB50C680097E3C6 /* Resources */,
			);
			buildRules = (
			);
			dependencies = (
			);
			name = CodeTestInspector;
			packageProductDependencies = (
				7CF2E53A2DB51A970097E3C6 /* SwiftBasicFormat */,
				7CF2E53C2DB51A970097E3C6 /* SwiftCompilerPlugin */,
				7CF2E53E2DB51A970097E3C6 /* SwiftDiagnostics */,
				7CF2E5402DB51A970097E3C6 /* SwiftIfConfig */,
				7CF2E5422DB51A970097E3C6 /* SwiftLexicalLookup */,
				7CF2E5442DB51A970097E3C6 /* SwiftOperators */,
				7CF2E5462DB51A970097E3C6 /* SwiftParser */,
				7CF2E5482DB51A970097E3C6 /* SwiftParserDiagnostics */,
				7CF2E54A2DB51A970097E3C6 /* SwiftRefactor */,
				7CF2E54C2DB51A970097E3C6 /* SwiftSyntax */,
				7CF2E54E2DB51A970097E3C6 /* SwiftSyntaxBuilder */,
			);
			productName = CodeTestInspector;
			productReference = 7CF2E4F12DB50C680097E3C6 /* CodeTestInspector.app */;
			productType = "com.apple.product-type.application";
		};
/* End PBXNativeTarget section */

/* Begin PBXProject section */
		7CF2E4E92DB50C680097E3C6 /* Project object */ = {
			isa = PBXProject;
			attributes = {
				BuildIndependentTargetsInParallel = 1;
				LastSwiftUpdateCheck = 1530;
				LastUpgradeCheck = 1530;
				TargetAttributes = {
					7CF2E4F02DB50C680097E3C6 = {
						CreatedOnToolsVersion = 15.3;
					};
				};
			};
			buildConfigurationList = 7CF2E4EC2DB50C680097E3C6 /* Build configuration list for PBXProject "CodeTestInspector" */;
			compatibilityVersion = "Xcode 14.0";
			developmentRegion = en;
			hasScannedForEncodings = 0;
			knownRegions = (
				en,
				Base,
			);
			mainGroup = 7CF2E4E82DB50C680097E3C6;
			packageReferences = (
				7CF2E5392DB51A970097E3C6 /* XCRemoteSwiftPackageReference "swift-syntax" */,
			);
			productRefGroup = 7CF2E4F22DB50C680097E3C6 /* Products */;
			projectDirPath = "";
			projectRoot = "";
			targets = (
				7CF2E4F02DB50C680097E3C6 /* CodeTestInspector */,
			);
		};
/* End PBXProject section */

/* Begin PBXResourcesBuildPhase section */
		7CF2E4EF2DB50C680097E3C6 /* Resources */ = {
			isa = PBXResourcesBuildPhase;
			buildActionMask = 2147483647;
			files = (
				7CF2E4FC2DB50C6A0097E3C6 /* Preview Assets.xcassets in Resources */,
				7CF2E4F92DB50C6A0097E3C6 /* Assets.xcassets in Resources */,
			);
			runOnlyForDeploymentPostprocessing = 0;
		};
/* End PBXResourcesBuildPhase section */

/* Begin PBXSourcesBuildPhase section */
		7CF2E4ED2DB50C680097E3C6 /* Sources */ = {
			isa = PBXSourcesBuildPhase;
			buildActionMask = 2147483647;
			files = (
				7CF2E5322DB5194F0097E3C6 /* DependencyGraph.swift in Sources */,
				7CF2E5572DB51FFF0097E3C6 /* ClassInfo.swift in Sources */,
				7CF2E55C2DB57B960097E3C6 /* ComponentRule.swift in Sources */,
				7CF2E5342DB519770097E3C6 /* TarjanSCC.swift in Sources */,
				7CF2E4F72DB50C680097E3C6 /* ContentView.swift in Sources */,
				7CF2E55A2DB57B880097E3C6 /* ArchitectureRules.swift in Sources */,
				7CF2E5042DB511EA0097E3C6 /* Analyzer.swift in Sources */,
				7CF2E5362DB519A40097E3C6 /* CodeParser.swift in Sources */,
				7C4B011F2DC0885000D2BCD2 /* TestabilityAnalyzer.swift in Sources */,
				7CF2E5522DB51B710097E3C6 /* Violation.swift in Sources */,
				7CF2E5552DB51C5D0097E3C6 /* ViolationView.swift in Sources */,
				7CF2E55E2DB57BD70097E3C6 /* ArchitectureRuleEditorView.swift in Sources */,
				7CF2E52D2DB519140097E3C6 /* ArchitectureAnalyzer.swift in Sources */,
				7CF2E4F52DB50C680097E3C6 /* CodeTestInspectorApp.swift in Sources */,
				7C4B011D2DC087DD00D2BCD2 /* TestabilityMetricsCalculator.swift in Sources */,
				7CF2E5382DB519DD0097E3C6 /* CodeVisitor.swift in Sources */,
			);
			runOnlyForDeploymentPostprocessing = 0;
		};
/* End PBXSourcesBuildPhase section */

/* Begin XCBuildConfiguration section */
		7CF2E4FE2DB50C6A0097E3C6 /* Debug */ = {
			isa = XCBuildConfiguration;
			buildSettings = {
				ALWAYS_SEARCH_USER_PATHS = NO;
				ASSETCATALOG_COMPILER_GENERATE_SWIFT_ASSET_SYMBOL_EXTENSIONS = YES;
				CLANG_ANALYZER_NONNULL = YES;
				CLANG_ANALYZER_NUMBER_OBJECT_CONVERSION = YES_AGGRESSIVE;
				CLANG_CXX_LANGUAGE_STANDARD = "gnu++20";
				CLANG_ENABLE_MODULES = YES;
				CLANG_ENABLE_OBJC_ARC = YES;
				CLANG_ENABLE_OBJC_WEAK = YES;
				CLANG_WARN_BLOCK_CAPTURE_AUTORELEASING = YES;
				CLANG_WARN_BOOL_CONVERSION = YES;
				CLANG_WARN_COMMA = YES;
				CLANG_WARN_CONSTANT_CONVERSION = YES;
				CLANG_WARN_DEPRECATED_OBJC_IMPLEMENTATIONS = YES;
				CLANG_WARN_DIRECT_OBJC_ISA_USAGE = YES_ERROR;
				CLANG_WARN_DOCUMENTATION_COMMENTS = YES;
				CLANG_WARN_EMPTY_BODY = YES;
				CLANG_WARN_ENUM_CONVERSION = YES;
				CLANG_WARN_INFINITE_RECURSION = YES;
				CLANG_WARN_INT_CONVERSION = YES;
				CLANG_WARN_NON_LITERAL_NULL_CONVERSION = YES;
				CLANG_WARN_OBJC_IMPLICIT_RETAIN_SELF = YES;
				CLANG_WARN_OBJC_LITERAL_CONVERSION = YES;
				CLANG_WARN_OBJC_ROOT_CLASS = YES_ERROR;
				CLANG_WARN_QUOTED_INCLUDE_IN_FRAMEWORK_HEADER = YES;
				CLANG_WARN_RANGE_LOOP_ANALYSIS = YES;
				CLANG_WARN_STRICT_PROTOTYPES = YES;
				CLANG_WARN_SUSPICIOUS_MOVE = YES;
				CLANG_WARN_UNGUARDED_AVAILABILITY = YES_AGGRESSIVE;
				CLANG_WARN_UNREACHABLE_CODE = YES;
				CLANG_WARN__DUPLICATE_METHOD_MATCH = YES;
				COPY_PHASE_STRIP = NO;
				DEBUG_INFORMATION_FORMAT = dwarf;
				ENABLE_STRICT_OBJC_MSGSEND = YES;
				ENABLE_TESTABILITY = YES;
				ENABLE_USER_SCRIPT_SANDBOXING = YES;
				GCC_C_LANGUAGE_STANDARD = gnu17;
				GCC_DYNAMIC_NO_PIC = NO;
				GCC_NO_COMMON_BLOCKS = YES;
				GCC_OPTIMIZATION_LEVEL = 0;
				GCC_PREPROCESSOR_DEFINITIONS = (
					"DEBUG=1",
					"$(inherited)",
				);
				GCC_WARN_64_TO_32_BIT_CONVERSION = YES;
				GCC_WARN_ABOUT_RETURN_TYPE = YES_ERROR;
				GCC_WARN_UNDECLARED_SELECTOR = YES;
				GCC_WARN_UNINITIALIZED_AUTOS = YES_AGGRESSIVE;
				GCC_WARN_UNUSED_FUNCTION = YES;
				GCC_WARN_UNUSED_VARIABLE = YES;
				LOCALIZATION_PREFERS_STRING_CATALOGS = YES;
				MACOSX_DEPLOYMENT_TARGET = 14.4;
				MTL_ENABLE_DEBUG_INFO = INCLUDE_SOURCE;
				MTL_FAST_MATH = YES;
				ONLY_ACTIVE_ARCH = YES;
				SDKROOT = macosx;
				SWIFT_ACTIVE_COMPILATION_CONDITIONS = "DEBUG $(inherited)";
				SWIFT_OPTIMIZATION_LEVEL = "-Onone";
			};
			name = Debug;
		};
		7CF2E4FF2DB50C6A0097E3C6 /* Release */ = {
			isa = XCBuildConfiguration;
			buildSettings = {
				ALWAYS_SEARCH_USER_PATHS = NO;
				ASSETCATALOG_COMPILER_GENERATE_SWIFT_ASSET_SYMBOL_EXTENSIONS = YES;
				CLANG_ANALYZER_NONNULL = YES;
				CLANG_ANALYZER_NUMBER_OBJECT_CONVERSION = YES_AGGRESSIVE;
				CLANG_CXX_LANGUAGE_STANDARD = "gnu++20";
				CLANG_ENABLE_MODULES = YES;
				CLANG_ENABLE_OBJC_ARC = YES;
				CLANG_ENABLE_OBJC_WEAK = YES;
				CLANG_WARN_BLOCK_CAPTURE_AUTORELEASING = YES;
				CLANG_WARN_BOOL_CONVERSION = YES;
				CLANG_WARN_COMMA = YES;
				CLANG_WARN_CONSTANT_CONVERSION = YES;
				CLANG_WARN_DEPRECATED_OBJC_IMPLEMENTATIONS = YES;
				CLANG_WARN_DIRECT_OBJC_ISA_USAGE = YES_ERROR;
				CLANG_WARN_DOCUMENTATION_COMMENTS = YES;
				CLANG_WARN_EMPTY_BODY = YES;
				CLANG_WARN_ENUM_CONVERSION = YES;
				CLANG_WARN_INFINITE_RECURSION = YES;
				CLANG_WARN_INT_CONVERSION = YES;
				CLANG_WARN_NON_LITERAL_NULL_CONVERSION = YES;
				CLANG_WARN_OBJC_IMPLICIT_RETAIN_SELF = YES;
				CLANG_WARN_OBJC_LITERAL_CONVERSION = YES;
				CLANG_WARN_OBJC_ROOT_CLASS = YES_ERROR;
				CLANG_WARN_QUOTED_INCLUDE_IN_FRAMEWORK_HEADER = YES;
				CLANG_WARN_RANGE_LOOP_ANALYSIS = YES;
				CLANG_WARN_STRICT_PROTOTYPES = YES;
				CLANG_WARN_SUSPICIOUS_MOVE = YES;
				CLANG_WARN_UNGUARDED_AVAILABILITY = YES_AGGRESSIVE;
				CLANG_WARN_UNREACHABLE_CODE = YES;
				CLANG_WARN__DUPLICATE_METHOD_MATCH = YES;
				COPY_PHASE_STRIP = NO;
				DEBUG_INFORMATION_FORMAT = "dwarf-with-dsym";
				ENABLE_NS_ASSERTIONS = NO;
				ENABLE_STRICT_OBJC_MSGSEND = YES;
				ENABLE_USER_SCRIPT_SANDBOXING = YES;
				GCC_C_LANGUAGE_STANDARD = gnu17;
				GCC_NO_COMMON_BLOCKS = YES;
				GCC_WARN_64_TO_32_BIT_CONVERSION = YES;
				GCC_WARN_ABOUT_RETURN_TYPE = YES_ERROR;
				GCC_WARN_UNDECLARED_SELECTOR = YES;
				GCC_WARN_UNINITIALIZED_AUTOS = YES_AGGRESSIVE;
				GCC_WARN_UNUSED_FUNCTION = YES;
				GCC_WARN_UNUSED_VARIABLE = YES;
				LOCALIZATION_PREFERS_STRING_CATALOGS = YES;
				MACOSX_DEPLOYMENT_TARGET = 14.4;
				MTL_ENABLE_DEBUG_INFO = NO;
				MTL_FAST_MATH = YES;
				SDKROOT = macosx;
				SWIFT_COMPILATION_MODE = wholemodule;
			};
			name = Release;
		};
		7CF2E5012DB50C6A0097E3C6 /* Debug */ = {
			isa = XCBuildConfiguration;
			buildSettings = {
				ASSETCATALOG_COMPILER_APPICON_NAME = AppIcon;
				ASSETCATALOG_COMPILER_GLOBAL_ACCENT_COLOR_NAME = AccentColor;
				CODE_SIGN_ENTITLEMENTS = CodeTestInspector/CodeTestInspector.entitlements;
				CODE_SIGN_STYLE = Automatic;
				COMBINE_HIDPI_IMAGES = YES;
				CURRENT_PROJECT_VERSION = 1;
				DEVELOPMENT_ASSET_PATHS = "\"CodeTestInspector/Preview Content\"";
				DEVELOPMENT_TEAM = 494AU9A95S;
				ENABLE_HARDENED_RUNTIME = YES;
				ENABLE_PREVIEWS = YES;
				GENERATE_INFOPLIST_FILE = YES;
				INFOPLIST_KEY_NSHumanReadableCopyright = "";
				LD_RUNPATH_SEARCH_PATHS = (
					"$(inherited)",
					"@executable_path/../Frameworks",
				);
				MARKETING_VERSION = 1.0;
				PRODUCT_BUNDLE_IDENTIFIER = com.CodeTestInspector;
				PRODUCT_NAME = "$(TARGET_NAME)";
				SWIFT_EMIT_LOC_STRINGS = YES;
				SWIFT_VERSION = 5.0;
			};
			name = Debug;
		};
		7CF2E5022DB50C6A0097E3C6 /* Release */ = {
			isa = XCBuildConfiguration;
			buildSettings = {
				ASSETCATALOG_COMPILER_APPICON_NAME = AppIcon;
				ASSETCATALOG_COMPILER_GLOBAL_ACCENT_COLOR_NAME = AccentColor;
				CODE_SIGN_ENTITLEMENTS = CodeTestInspector/CodeTestInspector.entitlements;
				CODE_SIGN_STYLE = Automatic;
				COMBINE_HIDPI_IMAGES = YES;
				CURRENT_PROJECT_VERSION = 1;
				DEVELOPMENT_ASSET_PATHS = "\"CodeTestInspector/Preview Content\"";
				DEVELOPMENT_TEAM = 494AU9A95S;
				ENABLE_HARDENED_RUNTIME = YES;
				ENABLE_PREVIEWS = YES;
				GENERATE_INFOPLIST_FILE = YES;
				INFOPLIST_KEY_NSHumanReadableCopyright = "";
				LD_RUNPATH_SEARCH_PATHS = (
					"$(inherited)",
					"@executable_path/../Frameworks",
				);
				MARKETING_VERSION = 1.0;
				PRODUCT_BUNDLE_IDENTIFIER = com.CodeTestInspector;
				PRODUCT_NAME = "$(TARGET_NAME)";
				SWIFT_EMIT_LOC_STRINGS = YES;
				SWIFT_VERSION = 5.0;
			};
			name = Release;
		};
/* End XCBuildConfiguration section */

/* Begin XCConfigurationList section */
		7CF2E4EC2DB50C680097E3C6 /* Build configuration list for PBXProject "CodeTestInspector" */ = {
			isa = XCConfigurationList;
			buildConfigurations = (
				7CF2E4FE2DB50C6A0097E3C6 /* Debug */,
				7CF2E4FF2DB50C6A0097E3C6 /* Release */,
			);
			defaultConfigurationIsVisible = 0;
			defaultConfigurationName = Release;
		};
		7CF2E5002DB50C6A0097E3C6 /* Build configuration list for PBXNativeTarget "CodeTestInspector" */ = {
			isa = XCConfigurationList;
			buildConfigurations = (
				7CF2E5012DB50C6A0097E3C6 /* Debug */,
				7CF2E5022DB50C6A0097E3C6 /* Release */,
			);
			defaultConfigurationIsVisible = 0;
			defaultConfigurationName = Release;
		};
/* End XCConfigurationList section */

/* Begin XCRemoteSwiftPackageReference section */
		7CF2E5392DB51A970097E3C6 /* XCRemoteSwiftPackageReference "swift-syntax" */ = {
			isa = XCRemoteSwiftPackageReference;
			repositoryURL = "https://github.com/apple/swift-syntax";
			requirement = {
				kind = upToNextMajorVersion;
				minimumVersion = 601.0.1;
			};
		};
/* End XCRemoteSwiftPackageReference section */

/* Begin XCSwiftPackageProductDependency section */
		7CF2E53A2DB51A970097E3C6 /* SwiftBasicFormat */ = {
			isa = XCSwiftPackageProductDependency;
			package = 7CF2E5392DB51A970097E3C6 /* XCRemoteSwiftPackageReference "swift-syntax" */;
			productName = SwiftBasicFormat;
		};
		7CF2E53C2DB51A970097E3C6 /* SwiftCompilerPlugin */ = {
			isa = XCSwiftPackageProductDependency;
			package = 7CF2E5392DB51A970097E3C6 /* XCRemoteSwiftPackageReference "swift-syntax" */;
			productName = SwiftCompilerPlugin;
		};
		7CF2E53E2DB51A970097E3C6 /* SwiftDiagnostics */ = {
			isa = XCSwiftPackageProductDependency;
			package = 7CF2E5392DB51A970097E3C6 /* XCRemoteSwiftPackageReference "swift-syntax" */;
			productName = SwiftDiagnostics;
		};
		7CF2E5402DB51A970097E3C6 /* SwiftIfConfig */ = {
			isa = XCSwiftPackageProductDependency;
			package = 7CF2E5392DB51A970097E3C6 /* XCRemoteSwiftPackageReference "swift-syntax" */;
			productName = SwiftIfConfig;
		};
		7CF2E5422DB51A970097E3C6 /* SwiftLexicalLookup */ = {
			isa = XCSwiftPackageProductDependency;
			package = 7CF2E5392DB51A970097E3C6 /* XCRemoteSwiftPackageReference "swift-syntax" */;
			productName = SwiftLexicalLookup;
		};
		7CF2E5442DB51A970097E3C6 /* SwiftOperators */ = {
			isa = XCSwiftPackageProductDependency;
			package = 7CF2E5392DB51A970097E3C6 /* XCRemoteSwiftPackageReference "swift-syntax" */;
			productName = SwiftOperators;
		};
		7CF2E5462DB51A970097E3C6 /* SwiftParser */ = {
			isa = XCSwiftPackageProductDependency;
			package = 7CF2E5392DB51A970097E3C6 /* XCRemoteSwiftPackageReference "swift-syntax" */;
			productName = SwiftParser;
		};
		7CF2E5482DB51A970097E3C6 /* SwiftParserDiagnostics */ = {
			isa = XCSwiftPackageProductDependency;
			package = 7CF2E5392DB51A970097E3C6 /* XCRemoteSwiftPackageReference "swift-syntax" */;
			productName = SwiftParserDiagnostics;
		};
		7CF2E54A2DB51A970097E3C6 /* SwiftRefactor */ = {
			isa = XCSwiftPackageProductDependency;
			package = 7CF2E5392DB51A970097E3C6 /* XCRemoteSwiftPackageReference "swift-syntax" */;
			productName = SwiftRefactor;
		};
		7CF2E54C2DB51A970097E3C6 /* SwiftSyntax */ = {
			isa = XCSwiftPackageProductDependency;
			package = 7CF2E5392DB51A970097E3C6 /* XCRemoteSwiftPackageReference "swift-syntax" */;
			productName = SwiftSyntax;
		};
		7CF2E54E2DB51A970097E3C6 /* SwiftSyntaxBuilder */ = {
			isa = XCSwiftPackageProductDependency;
			package = 7CF2E5392DB51A970097E3C6 /* XCRemoteSwiftPackageReference "swift-syntax" */;
			productName = SwiftSyntaxBuilder;
		};
/* End XCSwiftPackageProductDependency section */
	};
	rootObject = 7CF2E4E92DB50C680097E3C6 /* Project object */;
}
